<?xml version="1.0" encoding="utf-8"?>
<Project ToolsVersion="4.0" xmlns="http://schemas.microsoft.com/developer/msbuild/2003">
  <ItemGroup>
    <Filter Include="interpreter">
      <UniqueIdentifier>{a18d034e-3b1b-4983-94c7-8bb60068581a}</UniqueIdentifier>
    </Filter>
    <Filter Include="autogenerated_misc">
      <UniqueIdentifier>{35940272-af04-46a4-80fe-b4d9b95845e1}</UniqueIdentifier>
    </Filter>
    <Filter Include="autogenerated_config">
      <UniqueIdentifier>{86fcb0a7-386e-4a6e-ab00-3e40fd208aeb}</UniqueIdentifier>
    </Filter>
    <Filter Include="modified_to_suit_ocamllib_needs">
      <UniqueIdentifier>{04ea65b1-2aaa-4f8a-94a4-14f069a8db14}</UniqueIdentifier>
    </Filter>
  </ItemGroup>
  <ItemGroup>
    <ClCompile Include="..\ocaml\byterun\alloc.c">
      <Filter>interpreter</Filter>
    </ClCompile>
    <ClCompile Include="..\ocaml\byterun\array.c">
      <Filter>interpreter</Filter>
    </ClCompile>
    <ClCompile Include="..\ocaml\byterun\backtrace.c">
      <Filter>interpreter</Filter>
    </ClCompile>
    <ClCompile Include="..\ocaml\byterun\callback.c">
      <Filter>interpreter</Filter>
    </ClCompile>
    <ClCompile Include="..\ocaml\byterun\compact.c">
      <Filter>interpreter</Filter>
    </ClCompile>
    <ClCompile Include="..\ocaml\byterun\compare.c">
      <Filter>interpreter</Filter>
    </ClCompile>
    <ClCompile Include="..\ocaml\byterun\custom.c">
      <Filter>interpreter</Filter>
    </ClCompile>
    <ClCompile Include="..\ocaml\byterun\debugger.c">
      <Filter>interpreter</Filter>
    </ClCompile>
    <ClCompile Include="..\ocaml\byterun\extern.c">
      <Filter>interpreter</Filter>
    </ClCompile>
    <ClCompile Include="..\ocaml\byterun\fail.c">
      <Filter>interpreter</Filter>
    </ClCompile>
    <ClCompile Include="..\ocaml\byterun\finalise.c">
      <Filter>interpreter</Filter>
    </ClCompile>
    <ClCompile Include="..\ocaml\byterun\fix_code.c">
      <Filter>interpreter</Filter>
    </ClCompile>
    <ClCompile Include="..\ocaml\byterun\floats.c">
      <Filter>interpreter</Filter>
    </ClCompile>
    <ClCompile Include="..\ocaml\byterun\freelist.c">
      <Filter>interpreter</Filter>
    </ClCompile>
    <ClCompile Include="..\ocaml\byterun\gc_ctrl.c">
      <Filter>interpreter</Filter>
    </ClCompile>
    <ClCompile Include="..\ocaml\byterun\globroots.c">
      <Filter>interpreter</Filter>
    </ClCompile>
    <ClCompile Include="..\ocaml\byterun\hash.c">
      <Filter>interpreter</Filter>
    </ClCompile>
    <ClCompile Include="..\ocaml\byterun\instrtrace.c">
      <Filter>interpreter</Filter>
    </ClCompile>
    <ClCompile Include="..\ocaml\byterun\intern.c">
      <Filter>interpreter</Filter>
    </ClCompile>
    <ClCompile Include="..\ocaml\byterun\ints.c">
      <Filter>interpreter</Filter>
    </ClCompile>
    <ClCompile Include="..\ocaml\byterun\lexing.c">
      <Filter>interpreter</Filter>
    </ClCompile>
    <ClCompile Include="..\ocaml\byterun\major_gc.c">
      <Filter>interpreter</Filter>
    </ClCompile>
    <ClCompile Include="..\ocaml\byterun\md5.c">
      <Filter>interpreter</Filter>
    </ClCompile>
    <ClCompile Include="..\ocaml\byterun\memory.c">
      <Filter>interpreter</Filter>
    </ClCompile>
    <ClCompile Include="..\ocaml\byterun\meta.c">
      <Filter>interpreter</Filter>
    </ClCompile>
    <ClCompile Include="..\ocaml\byterun\minor_gc.c">
      <Filter>interpreter</Filter>
    </ClCompile>
    <ClCompile Include="..\ocaml\byterun\obj.c">
      <Filter>interpreter</Filter>
    </ClCompile>
    <ClCompile Include="..\ocaml\byterun\parsing.c">
      <Filter>interpreter</Filter>
    </ClCompile>
    <ClCompile Include="..\ocaml\byterun\printexc.c">
      <Filter>interpreter</Filter>
    </ClCompile>
    <ClCompile Include="..\ocaml\byterun\roots.c">
      <Filter>interpreter</Filter>
    </ClCompile>
    <ClCompile Include="..\ocaml\byterun\signals.c">
      <Filter>interpreter</Filter>
    </ClCompile>
    <ClCompile Include="..\ocaml\byterun\signals_byt.c">
      <Filter>interpreter</Filter>
    </ClCompile>
    <ClCompile Include="..\ocaml\byterun\stacks.c">
      <Filter>interpreter</Filter>
    </ClCompile>
    <ClCompile Include="..\ocaml\byterun\str.c">
      <Filter>interpreter</Filter>
    </ClCompile>
    <ClCompile Include="..\ocaml\byterun\sys.c">
      <Filter>interpreter</Filter>
    </ClCompile>
    <ClCompile Include="..\ocaml\byterun\terminfo.c">
      <Filter>interpreter</Filter>
    </ClCompile>
    <ClCompile Include="..\ocaml\byterun\weak.c">
      <Filter>interpreter</Filter>
    </ClCompile>
    <ClCompile Include="..\ocaml\byterun\win32.c">
      <Filter>interpreter</Filter>
    </ClCompile>
    <ClCompile Include="..\ocaml\byterun\prims.c">
      <Filter>autogenerated_misc</Filter>
    </ClCompile>
    <ClCompile Include="..\ocaml\byterun\custom_startup.c">
      <Filter>modified_to_suit_ocamllib_needs</Filter>
    </ClCompile>
    <ClCompile Include="..\ocaml\byterun\dynlink.c">
      <Filter>modified_to_suit_ocamllib_needs</Filter>
    </ClCompile>
    <ClCompile Include="..\ocaml\byterun\interp.c">
      <Filter>modified_to_suit_ocamllib_needs</Filter>
    </ClCompile>
    <ClCompile Include="..\ocaml\byterun\misc.c">
      <Filter>modified_to_suit_ocamllib_needs</Filter>
    </ClCompile>
    <ClCompile Include="..\ocaml\byterun\ocaml_io.c">
      <Filter>modified_to_suit_ocamllib_needs</Filter>
    </ClCompile>
    <ClCompile Include="..\ocaml\byterun\startup.c">
      <Filter>modified_to_suit_ocamllib_needs</Filter>
    </ClCompile>
  </ItemGroup>
  <ItemGroup>
    <ClInclude Include="..\ocaml\byterun\alloc.h">
      <Filter>interpreter</Filter>
    </ClInclude>
    <ClInclude Include="..\ocaml\byterun\backtrace.h">
      <Filter>interpreter</Filter>
    </ClInclude>
    <ClInclude Include="..\ocaml\byterun\callback.h">
      <Filter>interpreter</Filter>
    </ClInclude>
    <ClInclude Include="..\ocaml\byterun\compact.h">
      <Filter>interpreter</Filter>
    </ClInclude>
    <ClInclude Include="..\ocaml\byterun\compare.h">
      <Filter>interpreter</Filter>
    </ClInclude>
    <ClInclude Include="..\ocaml\byterun\compatibility.h">
      <Filter>interpreter</Filter>
    </ClInclude>
    <ClInclude Include="..\ocaml\byterun\config.h">
      <Filter>interpreter</Filter>
    </ClInclude>
    <ClInclude Include="..\ocaml\byterun\custom.h">
      <Filter>interpreter</Filter>
    </ClInclude>
    <ClInclude Include="..\ocaml\byterun\debugger.h">
      <Filter>interpreter</Filter>
    </ClInclude>
    <ClInclude Include="..\ocaml\byterun\exec.h">
      <Filter>interpreter</Filter>
    </ClInclude>
    <ClInclude Include="..\ocaml\byterun\fail.h">
      <Filter>interpreter</Filter>
    </ClInclude>
    <ClInclude Include="..\ocaml\byterun\finalise.h">
      <Filter>interpreter</Filter>
    </ClInclude>
    <ClInclude Include="..\ocaml\byterun\fix_code.h">
      <Filter>interpreter</Filter>
    </ClInclude>
    <ClInclude Include="..\ocaml\byterun\freelist.h">
      <Filter>interpreter</Filter>
    </ClInclude>
    <ClInclude Include="..\ocaml\byterun\gc.h">
      <Filter>interpreter</Filter>
    </ClInclude>
    <ClInclude Include="..\ocaml\byterun\gc_ctrl.h">
      <Filter>interpreter</Filter>
    </ClInclude>
    <ClInclude Include="..\ocaml\byterun\globroots.h">
      <Filter>interpreter</Filter>
    </ClInclude>
    <ClInclude Include="..\ocaml\byterun\instrtrace.h">
      <Filter>interpreter</Filter>
    </ClInclude>
    <ClInclude Include="..\ocaml\byterun\instruct.h">
      <Filter>interpreter</Filter>
    </ClInclude>
    <ClInclude Include="..\ocaml\byterun\int64_emul.h">
      <Filter>interpreter</Filter>
    </ClInclude>
    <ClInclude Include="..\ocaml\byterun\int64_format.h">
      <Filter>interpreter</Filter>
    </ClInclude>
    <ClInclude Include="..\ocaml\byterun\int64_native.h">
      <Filter>interpreter</Filter>
    </ClInclude>
    <ClInclude Include="..\ocaml\byterun\intext.h">
      <Filter>interpreter</Filter>
    </ClInclude>
    <ClInclude Include="..\ocaml\byterun\major_gc.h">
      <Filter>interpreter</Filter>
    </ClInclude>
    <ClInclude Include="..\ocaml\byterun\md5.h">
      <Filter>interpreter</Filter>
    </ClInclude>
    <ClInclude Include="..\ocaml\byterun\memory.h">
      <Filter>interpreter</Filter>
    </ClInclude>
    <ClInclude Include="..\ocaml\byterun\minor_gc.h">
      <Filter>interpreter</Filter>
    </ClInclude>
    <ClInclude Include="..\ocaml\byterun\mlvalues.h">
      <Filter>interpreter</Filter>
    </ClInclude>
    <ClInclude Include="..\ocaml\byterun\osdeps.h">
      <Filter>interpreter</Filter>
    </ClInclude>
    <ClInclude Include="..\ocaml\byterun\prims.h">
      <Filter>interpreter</Filter>
    </ClInclude>
    <ClInclude Include="..\ocaml\byterun\printexc.h">
      <Filter>interpreter</Filter>
    </ClInclude>
    <ClInclude Include="..\ocaml\byterun\reverse.h">
      <Filter>interpreter</Filter>
    </ClInclude>
    <ClInclude Include="..\ocaml\byterun\roots.h">
      <Filter>interpreter</Filter>
    </ClInclude>
    <ClInclude Include="..\ocaml\byterun\signals.h">
      <Filter>interpreter</Filter>
    </ClInclude>
    <ClInclude Include="..\ocaml\byterun\signals_machdep.h">
      <Filter>interpreter</Filter>
    </ClInclude>
    <ClInclude Include="..\ocaml\byterun\stacks.h">
      <Filter>interpreter</Filter>
    </ClInclude>
    <ClInclude Include="..\ocaml\byterun\sys.h">
      <Filter>interpreter</Filter>
    </ClInclude>
    <ClInclude Include="..\ocaml\byterun\ui.h">
      <Filter>interpreter</Filter>
    </ClInclude>
    <ClInclude Include="..\ocaml\byterun\weak.h">
      <Filter>interpreter</Filter>
    </ClInclude>
    <ClInclude Include="..\ocaml\byterun\version.h">
      <Filter>autogenerated_misc</Filter>
    </ClInclude>
    <ClInclude Include="..\ocaml\config\m.h">
      <Filter>autogenerated_config</Filter>
    </ClInclude>
    <ClInclude Include="..\ocaml\config\s.h">
      <Filter>autogenerated_config</Filter>
    </ClInclude>
    <ClInclude Include="..\ocaml\byterun\misc.h">
      <Filter>modified_to_suit_ocamllib_needs</Filter>
    </ClInclude>
    <ClInclude Include="..\ocaml\byterun\ocaml_io.h">
      <Filter>modified_to_suit_ocamllib_needs</Filter>
    </ClInclude>
  </ItemGroup>
  <ItemGroup>
    <CustomBuildStep Include="..\ocaml\byterun\dynlink.h">
      <Filter>modified_to_suit_ocamllib_needs</Filter>
    </CustomBuildStep>
    <CustomBuildStep Include="..\ocaml\byterun\interp.h">
      <Filter>modified_to_suit_ocamllib_needs</Filter>
    </CustomBuildStep>
    <CustomBuildStep Include="..\ocaml\byterun\startup.h">
      <Filter>modified_to_suit_ocamllib_needs</Filter>
    </CustomBuildStep>
  </ItemGroup>
</Project>